<?xml version="1.0" encoding="utf-8"?>
<Project ToolsVersion="4.0" xmlns="http://schemas.microsoft.com/developer/msbuild/2003">
  <ItemGroup>
    <Filter Include="Source Files">
      <UniqueIdentifier>{c9d7e2fb-6804-4fb2-91e1-058fccfe98f4}</UniqueIdentifier>
      <Extensions>cpp;c;cxx;rc;def;r;odl;idl;hpj;bat</Extensions>
    </Filter>
    <Filter Include="Header Files">
      <UniqueIdentifier>{5c05855a-0327-47ad-89f2-d688b563643f}</UniqueIdentifier>
      <Extensions>h;hpp;hxx;hm;inl</Extensions>
    </Filter>
    <Filter Include="Resource Files">
      <UniqueIdentifier>{c0ccabf3-55ed-45c0-b29e-c7a92d6abb6c}</UniqueIdentifier>
      <Extensions>ico;cur;bmp;dlg;rc2;rct;bin;rgs;gif;jpg;jpeg;jpe</Extensions>
    </Filter>
    <Filter Include="Header Files\openGL">
      <UniqueIdentifier>{019e416b-3aaf-402f-bfa9-aae1c233329f}</UniqueIdentifier>
    </Filter>
    <Filter Include="Header Files\nite">
      <UniqueIdentifier>{3d27cd3b-9d57-4c77-ba06-72009063abb2}</UniqueIdentifier>
    </Filter>
    <Filter Include="Header Files\ALFramework">
      <UniqueIdentifier>{fa70f358-a02f-47ba-a985-16884a05bcc2}</UniqueIdentifier>
    </Filter>
  </ItemGroup>
  <ItemGroup>
    <ResourceCompile Include="AtmosphereTest.rc">
      <Filter>Source Files</Filter>
    </ResourceCompile>
  </ItemGroup>
  <ItemGroup>
    <ClInclude Include="openGL\gl.h">
      <Filter>Header Files\openGL</Filter>
    </ClInclude>
    <ClInclude Include="openGL\glext.h">
      <Filter>Header Files\openGL</Filter>
    </ClInclude>
    <ClInclude Include="openGL\glui.h">
      <Filter>Header Files\openGL</Filter>
    </ClInclude>
    <ClInclude Include="openGL\glut.h">
      <Filter>Header Files\openGL</Filter>
    </ClInclude>
    <ClInclude Include="openGL\wglext.h">
      <Filter>Header Files\openGL</Filter>
    </ClInclude>
    <ClInclude Include="IncludeNite\NiTE.h">
      <Filter>Header Files\nite</Filter>
    </ClInclude>
    <ClInclude Include="IncludeNite\NiteCAPI.h">
      <Filter>Header Files\nite</Filter>
    </ClInclude>
    <ClInclude Include="IncludeNite\NiteCEnums.h">
      <Filter>Header Files\nite</Filter>
    </ClInclude>
    <ClInclude Include="IncludeNite\NiteCTypes.h">
      <Filter>Header Files\nite</Filter>
    </ClInclude>
    <ClInclude Include="IncludeNite\NiteEnums.h">
      <Filter>Header Files\nite</Filter>
    </ClInclude>
    <ClInclude Include="IncludeNite\NiteVersion.h">
      <Filter>Header Files\nite</Filter>
    </ClInclude>
    <ClInclude Include="include\Font.h">
      <Filter>Header Files</Filter>
    </ClInclude>
    <ClInclude Include="include\GameApp.h">
      <Filter>Header Files</Filter>
    </ClInclude>
    <ClInclude Include="include\GameEngine.h">
      <Filter>Header Files</Filter>
    </ClInclude>
    <ClInclude Include="include\GLUtil.h">
      <Filter>Header Files</Filter>
    </ClInclude>
    <ClInclude Include="include\ListTemplates.h">
      <Filter>Header Files</Filter>
    </ClInclude>
    <ClInclude Include="include\Master.h">
      <Filter>Header Files</Filter>
    </ClInclude>
    <ClInclude Include="include\Matrix.h">
      <Filter>Header Files</Filter>
    </ClInclude>
    <ClInclude Include="include\Noise.h">
      <Filter>Header Files</Filter>
    </ClInclude>
    <ClInclude Include="include\PixelBuffer.h">
      <Filter>Header Files</Filter>
    </ClInclude>
    <ClInclude Include="include\Texture.h">
      <Filter>Header Files</Filter>
    </ClInclude>
    <ClInclude Include="include\Viewer.h">
      <Filter>Header Files</Filter>
    </ClInclude>
    <ClInclude Include="include\wglext.h">
      <Filter>Header Files</Filter>
    </ClInclude>
    <ClInclude Include="include\WndClass.h">
      <Filter>Header Files</Filter>
    </ClInclude>
    <ClInclude Include="include\resource.h">
      <Filter>Header Files</Filter>
    </ClInclude>
    <ClInclude Include="ALFramework\aldlist.h">
      <Filter>Header Files\ALFramework</Filter>
    </ClInclude>
    <ClInclude Include="ALFramework\CWaves.h">
      <Filter>Header Files\ALFramework</Filter>
    </ClInclude>
    <ClInclude Include="ALFramework\Framework.h">
      <Filter>Header Files\ALFramework</Filter>
    </ClInclude>
    <ClInclude Include="ALFramework\LoadOAL.h">
      <Filter>Header Files\ALFramework</Filter>
    </ClInclude>
  </ItemGroup>
  <ItemGroup>
    <CustomBuild Include="icon1.ico">
      <Filter>Resource Files</Filter>
    </CustomBuild>
  </ItemGroup>
  <ItemGroup>
    <ClCompile Include="src\GameApp.cpp">
      <Filter>Source Files</Filter>
    </ClCompile>
    <ClCompile Include="src\GameEngine.cpp">
      <Filter>Source Files</Filter>
    </ClCompile>
    <ClCompile Include="src\GLUtil.cpp">
      <Filter>Source Files</Filter>
    </ClCompile>
    <ClCompile Include="src\Master.cpp">
      <Filter>Source Files</Filter>
    </ClCompile>
    <ClCompile Include="src\Matrix.cpp">
      <Filter>Source Files</Filter>
    </ClCompile>
    <ClCompile Include="src\Noise.cpp">
      <Filter>Source Files</Filter>
    </ClCompile>
    <ClCompile Include="src\PixelBuffer.cpp">
      <Filter>Source Files</Filter>
    </ClCompile>
    <ClCompile Include="src\Texture.cpp">
      <Filter>Source Files</Filter>
    </ClCompile>
    <ClCompile Include="src\Viewer.cpp">
      <Filter>Source Files</Filter>
    </ClCompile>
    <ClCompile Include="ALFramework\aldlist.cpp">
      <Filter>Header Files\ALFramework</Filter>
    </ClCompile>
    <ClCompile Include="ALFramework\CWaves.cpp">
      <Filter>Header Files\ALFramework</Filter>
    </ClCompile>
    <ClCompile Include="ALFramework\Framework.cpp">
      <Filter>Header Files\ALFramework</Filter>
    </ClCompile>
    <ClCompile Include="ALFramework\LoadOAL.cpp">
      <Filter>Header Files\ALFramework</Filter>
    </ClCompile>
  </ItemGroup>
</Project>